
Microsoft Visual Studio Solution File, Format Version 12.00
# Visual Studio Version 17
VisualStudioVersion = 17.13.35919.96
MinimumVisualStudioVersion = 10.0.40219.1
Project("{FAE04EC0-301F-11D3-BF4B-00C04F79EFBC}") = "Airborne EditorPlus", "Airborne EditorPlus\Airborne EditorPlus.csproj", "{65531CC2-EEA5-4DB7-A968-03DC3C703666}"
EndProject
Global
	GlobalSection(SolutionConfigurationPlatforms) = preSolution
		Debug|Any CPU = Debug|Any CPU
		Release|Any CPU = Release|Any CPU
	EndGlobalSection
	GlobalSection(ProjectConfigurationPlatforms) = postSolution
		{65531CC2-EEA5-4DB7-A968-03DC3C703666}.Debug|Any CPU.ActiveCfg = Debug|Any CPU
		{65531CC2-EEA5-4DB7-A968-03DC3C703666}.Debug|Any CPU.Build.0 = Debug|Any CPU
		{65531CC2-EEA5-4DB7-A968-03DC3C703666}.Release|Any CPU.ActiveCfg = Release|Any CPU
		{65531CC2-EEA5-4DB7-A968-03DC3C703666}.Release|Any CPU.Build.0 = Release|Any CPU
	EndGlobalSection
	GlobalSection(SolutionProperties) = preSolution
		HideSolutionNode = FALSE
	EndGlobalSection
	GlobalSection(ExtensibilityGlobals) = postSolution
		SolutionGuid = {010A3216-21A9-48E9-8EDB-DE6AF27927AA}
	EndGlobalSection
EndGlobal
